
Microsoft Visual Studio Solution File, Format Version 12.00
# Visual Studio Version 17
VisualStudioVersion = 17.11.35219.272
MinimumVisualStudioVersion = 10.0.40219.1
Project("{FAE04EC0-301F-11D3-BF4B-00C04F79EFBC}") = "NanoGPTNet", "NanoGPTNet\NanoGPTNet.csproj", "{8E403C1E-85DC-4345-880B-124006E48DCD}"
EndProject
Project("{FAE04EC0-301F-11D3-BF4B-00C04F79EFBC}") = "NanoGPTNet.Example", "NanoGPTNet.Test\NanoGPTNet.Example.csproj", "{B7A24097-24C0-4429-BB5B-49E3D592D62F}"
EndProject
Global
	GlobalSection(SolutionConfigurationPlatforms) = preSolution
		Debug|Any CPU = Debug|Any CPU
		Release|Any CPU = Release|Any CPU
	EndGlobalSection
	GlobalSection(ProjectConfigurationPlatforms) = postSolution
		{8E403C1E-85DC-4345-880B-124006E48DCD}.Debug|Any CPU.ActiveCfg = Debug|Any CPU
		{8E403C1E-85DC-4345-880B-124006E48DCD}.Debug|Any CPU.Build.0 = Debug|Any CPU
		{8E403C1E-85DC-4345-880B-124006E48DCD}.Release|Any CPU.ActiveCfg = Release|Any CPU
		{8E403C1E-85DC-4345-880B-124006E48DCD}.Release|Any CPU.Build.0 = Release|Any CPU
		{B7A24097-24C0-4429-BB5B-49E3D592D62F}.Debug|Any CPU.ActiveCfg = Debug|Any CPU
		{B7A24097-24C0-4429-BB5B-49E3D592D62F}.Debug|Any CPU.Build.0 = Debug|Any CPU
		{B7A24097-24C0-4429-BB5B-49E3D592D62F}.Release|Any CPU.ActiveCfg = Release|Any CPU
		{B7A24097-24C0-4429-BB5B-49E3D592D62F}.Release|Any CPU.Build.0 = Release|Any CPU
	EndGlobalSection
	GlobalSection(SolutionProperties) = preSolution
		HideSolutionNode = FALSE
	EndGlobalSection
	GlobalSection(ExtensibilityGlobals) = postSolution
		SolutionGuid = {662786A4-4239-424F-A6BA-993A2F0E3731}
	EndGlobalSection
EndGlobal
